// !$*UTF8*$!
{
	archiveVersion = 1;
	classes = {
	};
	objectVersion = 46;
	objects = {

/* Begin PBXBuildFile section */
		3716644321919DA5004E59D4 /* SubSettingsNavigator.swift in Sources */ = {isa = PBXBuildFile; fileRef = 3716644021919DA5004E59D4 /* SubSettingsNavigator.swift */; };
		3716644421919DA5004E59D4 /* SubSettingsViewController.swift in Sources */ = {isa = PBXBuildFile; fileRef = 3716644121919DA5004E59D4 /* SubSettingsViewController.swift */; };
		3716644521919DA5004E59D4 /* SubSettingsViewModel.swift in Sources */ = {isa = PBXBuildFile; fileRef = 3716644221919DA5004E59D4 /* SubSettingsViewModel.swift */; };
		3718F4C92192F3740012A643 /* VideoNavigator.swift in Sources */ = {isa = PBXBuildFile; fileRef = 3718F4C62192F3740012A643 /* VideoNavigator.swift */; };
		3718F4CA2192F3740012A643 /* VideoViewController.swift in Sources */ = {isa = PBXBuildFile; fileRef = 3718F4C72192F3740012A643 /* VideoViewController.swift */; };
		3718F4CB2192F3740012A643 /* VideoViewModel.swift in Sources */ = {isa = PBXBuildFile; fileRef = 3718F4C82192F3740012A643 /* VideoViewModel.swift */; };
		372D52AD219A6E57000280FC /* PhotoCaptureDelegate.swift in Sources */ = {isa = PBXBuildFile; fileRef = 372D52AC219A6E57000280FC /* PhotoCaptureDelegate.swift */; };
		3730D1A92188639A00C854A2 /* CoversNavigator.swift in Sources */ = {isa = PBXBuildFile; fileRef = 3730D1A62188639A00C854A2 /* CoversNavigator.swift */; };
		3730D1AA2188639A00C854A2 /* CoversViewController.swift in Sources */ = {isa = PBXBuildFile; fileRef = 3730D1A72188639A00C854A2 /* CoversViewController.swift */; };
		3730D1AB2188639A00C854A2 /* CoversViewModel.swift in Sources */ = {isa = PBXBuildFile; fileRef = 3730D1A82188639A00C854A2 /* CoversViewModel.swift */; };
		373F88A92189648F00919E65 /* ActionsNavigator.swift in Sources */ = {isa = PBXBuildFile; fileRef = 373F88A62189648F00919E65 /* ActionsNavigator.swift */; };
		373F88AA2189648F00919E65 /* ActionsViewController.swift in Sources */ = {isa = PBXBuildFile; fileRef = 373F88A72189648F00919E65 /* ActionsViewController.swift */; };
		373F88AB2189648F00919E65 /* ActionsViewModel.swift in Sources */ = {isa = PBXBuildFile; fileRef = 373F88A82189648F00919E65 /* ActionsViewModel.swift */; };
		3744BF9221880DDC00174040 /* TutorialNavigator.swift in Sources */ = {isa = PBXBuildFile; fileRef = 3744BF8F21880DDC00174040 /* TutorialNavigator.swift */; };
		3744BF9321880DDC00174040 /* TutorialViewController.swift in Sources */ = {isa = PBXBuildFile; fileRef = 3744BF9021880DDC00174040 /* TutorialViewController.swift */; };
		3744BF9421880DDC00174040 /* TutorialViewModel.swift in Sources */ = {isa = PBXBuildFile; fileRef = 3744BF9121880DDC00174040 /* TutorialViewModel.swift */; };
		3744BF97218811AB00174040 /* TutorialContainerView.xib in Resources */ = {isa = PBXBuildFile; fileRef = 3744BF96218811AB00174040 /* TutorialContainerView.xib */; };
		3744BF99218811BF00174040 /* TutorialContainerView.swift in Sources */ = {isa = PBXBuildFile; fileRef = 3744BF98218811BF00174040 /* TutorialContainerView.swift */; };
		375807DD218AFF6500BF4888 /* Database.swift in Sources */ = {isa = PBXBuildFile; fileRef = 375807DC218AFF6500BF4888 /* Database.swift */; };
		375807E7218B091800BF4888 /* SettingLogoWithSwitchCell.xib in Resources */ = {isa = PBXBuildFile; fileRef = 375807DF218B091700BF4888 /* SettingLogoWithSwitchCell.xib */; };
		375807E8218B091800BF4888 /* SettingCheckMarkCell.xib in Resources */ = {isa = PBXBuildFile; fileRef = 375807E0218B091700BF4888 /* SettingCheckMarkCell.xib */; };
		375807E9218B091800BF4888 /* SettingLogoWithValueDisclosureCell.xib in Resources */ = {isa = PBXBuildFile; fileRef = 375807E1218B091700BF4888 /* SettingLogoWithValueDisclosureCell.xib */; };
		375807EA218B091800BF4888 /* SettingLogoWithValueDisclosureCell.swift in Sources */ = {isa = PBXBuildFile; fileRef = 375807E2218B091700BF4888 /* SettingLogoWithValueDisclosureCell.swift */; };
		375807EB218B091800BF4888 /* SettingCheckMarkCell.swift in Sources */ = {isa = PBXBuildFile; fileRef = 375807E3218B091700BF4888 /* SettingCheckMarkCell.swift */; };
		375807EC218B091800BF4888 /* SettingSwitchCell.swift in Sources */ = {isa = PBXBuildFile; fileRef = 375807E4218B091700BF4888 /* SettingSwitchCell.swift */; };
		375807ED218B091800BF4888 /* SettingLogoWithSwitchCell.swift in Sources */ = {isa = PBXBuildFile; fileRef = 375807E5218B091800BF4888 /* SettingLogoWithSwitchCell.swift */; };
		375807EE218B091800BF4888 /* SettingSwitchCell.xib in Resources */ = {isa = PBXBuildFile; fileRef = 375807E6218B091800BF4888 /* SettingSwitchCell.xib */; };
		375807F0218B092100BF4888 /* SettingsTableViewControl.swift in Sources */ = {isa = PBXBuildFile; fileRef = 375807EF218B092100BF4888 /* SettingsTableViewControl.swift */; };
		375807F4218B09BB00BF4888 /* SettingsNavigator.swift in Sources */ = {isa = PBXBuildFile; fileRef = 375807F1218B09BB00BF4888 /* SettingsNavigator.swift */; };
		375807F5218B09BB00BF4888 /* SettingsViewController.swift in Sources */ = {isa = PBXBuildFile; fileRef = 375807F2218B09BB00BF4888 /* SettingsViewController.swift */; };
		375807F6218B09BB00BF4888 /* SettingsViewModel.swift in Sources */ = {isa = PBXBuildFile; fileRef = 375807F3218B09BB00BF4888 /* SettingsViewModel.swift */; };
		37945C7D2199217E007AA16F /* PhotoNavigator.swift in Sources */ = {isa = PBXBuildFile; fileRef = 37945C7A2199217E007AA16F /* PhotoNavigator.swift */; };
		37945C7E2199217E007AA16F /* PhotoViewController.swift in Sources */ = {isa = PBXBuildFile; fileRef = 37945C7B2199217E007AA16F /* PhotoViewController.swift */; };
		37945C7F2199217E007AA16F /* PhotoViewModel.swift in Sources */ = {isa = PBXBuildFile; fileRef = 37945C7C2199217E007AA16F /* PhotoViewModel.swift */; };
		3798628C2186ABEC00DF55E8 /* UIStoryboard.swift in Sources */ = {isa = PBXBuildFile; fileRef = 379862872186ABEB00DF55E8 /* UIStoryboard.swift */; };
		3798628D2186ABEC00DF55E8 /* NSObject.swift in Sources */ = {isa = PBXBuildFile; fileRef = 379862882186ABEB00DF55E8 /* NSObject.swift */; };
		3798628E2186ABEC00DF55E8 /* UINavigationController.swift in Sources */ = {isa = PBXBuildFile; fileRef = 379862892186ABEC00DF55E8 /* UINavigationController.swift */; };
		3798628F2186ABEC00DF55E8 /* BaseNavigator.swift in Sources */ = {isa = PBXBuildFile; fileRef = 3798628A2186ABEC00DF55E8 /* BaseNavigator.swift */; };
		379862902186ABEC00DF55E8 /* UIViewController.swift in Sources */ = {isa = PBXBuildFile; fileRef = 3798628B2186ABEC00DF55E8 /* UIViewController.swift */; };
		37E97ED221942D6800797580 /* BlackCoverView.swift in Sources */ = {isa = PBXBuildFile; fileRef = 37E97ECF21942D6800797580 /* BlackCoverView.swift */; };
		37E97ED321942D6800797580 /* GameCoverView.swift in Sources */ = {isa = PBXBuildFile; fileRef = 37E97ED021942D6800797580 /* GameCoverView.swift */; };
		37E97ED421942D6800797580 /* WebCoverView.swift in Sources */ = {isa = PBXBuildFile; fileRef = 37E97ED121942D6800797580 /* WebCoverView.swift */; };
		B2021AF41F4F16AD00A0EDC0 /* Cover.swift in Sources */ = {isa = PBXBuildFile; fileRef = B2021AF31F4F16AD00A0EDC0 /* Cover.swift */; };
		B2021AF81F4F21C700A0EDC0 /* Utils.swift in Sources */ = {isa = PBXBuildFile; fileRef = B2021AF71F4F21C700A0EDC0 /* Utils.swift */; };
		B2027D801F5316B700B4A541 /* UIView.swift in Sources */ = {isa = PBXBuildFile; fileRef = B2027D7F1F5316B700B4A541 /* UIView.swift */; };
		B207F4001F4B1D15003815C4 /* ViewRouter.swift in Sources */ = {isa = PBXBuildFile; fileRef = B207F3FF1F4B1D15003815C4 /* ViewRouter.swift */; };
		B207F4021F4B269E003815C4 /* VideoSetting.swift in Sources */ = {isa = PBXBuildFile; fileRef = B207F4011F4B269E003815C4 /* VideoSetting.swift */; };
		B207F4041F4B2BED003815C4 /* PhotoSetting.swift in Sources */ = {isa = PBXBuildFile; fileRef = B207F4031F4B2BED003815C4 /* PhotoSetting.swift */; };
		B21CD1431F569549003CA788 /* PreviewView.swift in Sources */ = {isa = PBXBuildFile; fileRef = B21CD1421F569549003CA788 /* PreviewView.swift */; };
		B23BB0211F5FB870007D3AF5 /* UITableView.swift in Sources */ = {isa = PBXBuildFile; fileRef = B23BB0201F5FB870007D3AF5 /* UITableView.swift */; };
		B23BB0231F5FB8BA007D3AF5 /* String.swift in Sources */ = {isa = PBXBuildFile; fileRef = B23BB0221F5FB8BA007D3AF5 /* String.swift */; };
		B23DF7731F629B660007BDEA /* CoversCarouselControl.swift in Sources */ = {isa = PBXBuildFile; fileRef = B23DF7721F629B660007BDEA /* CoversCarouselControl.swift */; };
		B23DF7751F629E410007BDEA /* JButton.swift in Sources */ = {isa = PBXBuildFile; fileRef = B23DF7741F629E410007BDEA /* JButton.swift */; };
		B23DF7771F62A0920007BDEA /* UIColor.swift in Sources */ = {isa = PBXBuildFile; fileRef = B23DF7761F62A0920007BDEA /* UIColor.swift */; };
		B24DB03C1F4D2DB70044D53D /* QuartzCore.framework in Frameworks */ = {isa = PBXBuildFile; fileRef = B24DB03B1F4D2DB70044D53D /* QuartzCore.framework */; };
		B24DB0401F4D2E440044D53D /* iCarousel.m in Sources */ = {isa = PBXBuildFile; fileRef = B24DB03F1F4D2E440044D53D /* iCarousel.m */; };
		B24E6C661F6B94FE00100FD0 /* Enum.swift in Sources */ = {isa = PBXBuildFile; fileRef = B24E6C651F6B94FE00100FD0 /* Enum.swift */; };
		B277C0BF1F6FC13900F2F60D /* UIInterfaceOrientation.swift in Sources */ = {isa = PBXBuildFile; fileRef = B277C0BE1F6FC13900F2F60D /* UIInterfaceOrientation.swift */; };
		B2882BC61F41638D00BC5385 /* AppDelegate.swift in Sources */ = {isa = PBXBuildFile; fileRef = B2882BC51F41638D00BC5385 /* AppDelegate.swift */; };
		B2882BCB1F41638D00BC5385 /* Main.storyboard in Resources */ = {isa = PBXBuildFile; fileRef = B2882BC91F41638D00BC5385 /* Main.storyboard */; };
		B2882BCD1F41638D00BC5385 /* Assets.xcassets in Resources */ = {isa = PBXBuildFile; fileRef = B2882BCC1F41638D00BC5385 /* Assets.xcassets */; };
		B2882BD01F41638D00BC5385 /* LaunchScreen.storyboard in Resources */ = {isa = PBXBuildFile; fileRef = B2882BCE1F41638D00BC5385 /* LaunchScreen.storyboard */; };
		B2882BE21F419B2D00BC5385 /* BaseTableViewCell.swift in Sources */ = {isa = PBXBuildFile; fileRef = B2882BE11F419B2D00BC5385 /* BaseTableViewCell.swift */; };
		B2882BE51F419C4100BC5385 /* UILabel.swift in Sources */ = {isa = PBXBuildFile; fileRef = B2882BE41F419C4100BC5385 /* UILabel.swift */; };
		B2882BE81F419C9900BC5385 /* Constants.swift in Sources */ = {isa = PBXBuildFile; fileRef = B2882BE71F419C9900BC5385 /* Constants.swift */; };
		B2882BEA1F419DB300BC5385 /* CameraSetting.swift in Sources */ = {isa = PBXBuildFile; fileRef = B2882BE91F419DB300BC5385 /* CameraSetting.swift */; };
		B2BA6C741F74D2A8003FAEFA /* Action.swift in Sources */ = {isa = PBXBuildFile; fileRef = B2BA6C731F74D2A8003FAEFA /* Action.swift */; };
		B2CD908F219DC6F200A8662F /* RepeatingTimer.swift in Sources */ = {isa = PBXBuildFile; fileRef = B2CD908E219DC6F200A8662F /* RepeatingTimer.swift */; };
		B2E307921F5E956600790309 /* Setting.swift in Sources */ = {isa = PBXBuildFile; fileRef = B2E307911F5E956600790309 /* Setting.swift */; };
		B2FE8AFB1F45E5B0001BB1C4 /* BaseCollectionViewCell.swift in Sources */ = {isa = PBXBuildFile; fileRef = B2FE8AFA1F45E5B0001BB1C4 /* BaseCollectionViewCell.swift */; };
		B2FEC4CC1F4FBE03008166F5 /* Reachability.swift in Sources */ = {isa = PBXBuildFile; fileRef = B2FEC4CB1F4FBE03008166F5 /* Reachability.swift */; };
		B2FEC4CE1F4FC882008166F5 /* KeychainItemWrapper.swift in Sources */ = {isa = PBXBuildFile; fileRef = B2FEC4CD1F4FC882008166F5 /* KeychainItemWrapper.swift */; };
/* End PBXBuildFile section */

/* Begin PBXFileReference section */
		3716644021919DA5004E59D4 /* SubSettingsNavigator.swift */ = {isa = PBXFileReference; lastKnownFileType = sourcecode.swift; path = SubSettingsNavigator.swift; sourceTree = "<group>"; };
		3716644121919DA5004E59D4 /* SubSettingsViewController.swift */ = {isa = PBXFileReference; lastKnownFileType = sourcecode.swift; path = SubSettingsViewController.swift; sourceTree = "<group>"; };
		3716644221919DA5004E59D4 /* SubSettingsViewModel.swift */ = {isa = PBXFileReference; lastKnownFileType = sourcecode.swift; path = SubSettingsViewModel.swift; sourceTree = "<group>"; };
		3718F4C62192F3740012A643 /* VideoNavigator.swift */ = {isa = PBXFileReference; lastKnownFileType = sourcecode.swift; path = VideoNavigator.swift; sourceTree = "<group>"; };
		3718F4C72192F3740012A643 /* VideoViewController.swift */ = {isa = PBXFileReference; lastKnownFileType = sourcecode.swift; path = VideoViewController.swift; sourceTree = "<group>"; };
		3718F4C82192F3740012A643 /* VideoViewModel.swift */ = {isa = PBXFileReference; lastKnownFileType = sourcecode.swift; path = VideoViewModel.swift; sourceTree = "<group>"; };
		372D52AC219A6E57000280FC /* PhotoCaptureDelegate.swift */ = {isa = PBXFileReference; fileEncoding = 4; lastKnownFileType = sourcecode.swift; path = PhotoCaptureDelegate.swift; sourceTree = "<group>"; };
		3730D1A62188639A00C854A2 /* CoversNavigator.swift */ = {isa = PBXFileReference; lastKnownFileType = sourcecode.swift; path = CoversNavigator.swift; sourceTree = "<group>"; };
		3730D1A72188639A00C854A2 /* CoversViewController.swift */ = {isa = PBXFileReference; lastKnownFileType = sourcecode.swift; path = CoversViewController.swift; sourceTree = "<group>"; };
		3730D1A82188639A00C854A2 /* CoversViewModel.swift */ = {isa = PBXFileReference; lastKnownFileType = sourcecode.swift; path = CoversViewModel.swift; sourceTree = "<group>"; };
		373F88A62189648F00919E65 /* ActionsNavigator.swift */ = {isa = PBXFileReference; lastKnownFileType = sourcecode.swift; path = ActionsNavigator.swift; sourceTree = "<group>"; };
		373F88A72189648F00919E65 /* ActionsViewController.swift */ = {isa = PBXFileReference; lastKnownFileType = sourcecode.swift; path = ActionsViewController.swift; sourceTree = "<group>"; };
		373F88A82189648F00919E65 /* ActionsViewModel.swift */ = {isa = PBXFileReference; lastKnownFileType = sourcecode.swift; path = ActionsViewModel.swift; sourceTree = "<group>"; };
		3744BF8F21880DDC00174040 /* TutorialNavigator.swift */ = {isa = PBXFileReference; lastKnownFileType = sourcecode.swift; path = TutorialNavigator.swift; sourceTree = "<group>"; };
		3744BF9021880DDC00174040 /* TutorialViewController.swift */ = {isa = PBXFileReference; lastKnownFileType = sourcecode.swift; path = TutorialViewController.swift; sourceTree = "<group>"; };
		3744BF9121880DDC00174040 /* TutorialViewModel.swift */ = {isa = PBXFileReference; lastKnownFileType = sourcecode.swift; path = TutorialViewModel.swift; sourceTree = "<group>"; };
		3744BF96218811AB00174040 /* TutorialContainerView.xib */ = {isa = PBXFileReference; lastKnownFileType = file.xib; path = TutorialContainerView.xib; sourceTree = "<group>"; };
		3744BF98218811BF00174040 /* TutorialContainerView.swift */ = {isa = PBXFileReference; lastKnownFileType = sourcecode.swift; path = TutorialContainerView.swift; sourceTree = "<group>"; };
		375807DC218AFF6500BF4888 /* Database.swift */ = {isa = PBXFileReference; lastKnownFileType = sourcecode.swift; path = Database.swift; sourceTree = "<group>"; };
		375807DF218B091700BF4888 /* SettingLogoWithSwitchCell.xib */ = {isa = PBXFileReference; fileEncoding = 4; lastKnownFileType = file.xib; path = SettingLogoWithSwitchCell.xib; sourceTree = "<group>"; };
		375807E0218B091700BF4888 /* SettingCheckMarkCell.xib */ = {isa = PBXFileReference; fileEncoding = 4; lastKnownFileType = file.xib; path = SettingCheckMarkCell.xib; sourceTree = "<group>"; };
		375807E1218B091700BF4888 /* SettingLogoWithValueDisclosureCell.xib */ = {isa = PBXFileReference; fileEncoding = 4; lastKnownFileType = file.xib; path = SettingLogoWithValueDisclosureCell.xib; sourceTree = "<group>"; };
		375807E2218B091700BF4888 /* SettingLogoWithValueDisclosureCell.swift */ = {isa = PBXFileReference; fileEncoding = 4; lastKnownFileType = sourcecode.swift; path = SettingLogoWithValueDisclosureCell.swift; sourceTree = "<group>"; };
		375807E3218B091700BF4888 /* SettingCheckMarkCell.swift */ = {isa = PBXFileReference; fileEncoding = 4; lastKnownFileType = sourcecode.swift; path = SettingCheckMarkCell.swift; sourceTree = "<group>"; };
		375807E4218B091700BF4888 /* SettingSwitchCell.swift */ = {isa = PBXFileReference; fileEncoding = 4; lastKnownFileType = sourcecode.swift; path = SettingSwitchCell.swift; sourceTree = "<group>"; };
		375807E5218B091800BF4888 /* SettingLogoWithSwitchCell.swift */ = {isa = PBXFileReference; fileEncoding = 4; lastKnownFileType = sourcecode.swift; path = SettingLogoWithSwitchCell.swift; sourceTree = "<group>"; };
		375807E6218B091800BF4888 /* SettingSwitchCell.xib */ = {isa = PBXFileReference; fileEncoding = 4; lastKnownFileType = file.xib; path = SettingSwitchCell.xib; sourceTree = "<group>"; };
		375807EF218B092100BF4888 /* SettingsTableViewControl.swift */ = {isa = PBXFileReference; fileEncoding = 4; lastKnownFileType = sourcecode.swift; path = SettingsTableViewControl.swift; sourceTree = "<group>"; };
		375807F1218B09BB00BF4888 /* SettingsNavigator.swift */ = {isa = PBXFileReference; lastKnownFileType = sourcecode.swift; path = SettingsNavigator.swift; sourceTree = "<group>"; };
		375807F2218B09BB00BF4888 /* SettingsViewController.swift */ = {isa = PBXFileReference; lastKnownFileType = sourcecode.swift; path = SettingsViewController.swift; sourceTree = "<group>"; };
		375807F3218B09BB00BF4888 /* SettingsViewModel.swift */ = {isa = PBXFileReference; lastKnownFileType = sourcecode.swift; path = SettingsViewModel.swift; sourceTree = "<group>"; };
		37945C7A2199217E007AA16F /* PhotoNavigator.swift */ = {isa = PBXFileReference; lastKnownFileType = sourcecode.swift; path = PhotoNavigator.swift; sourceTree = "<group>"; };
		37945C7B2199217E007AA16F /* PhotoViewController.swift */ = {isa = PBXFileReference; lastKnownFileType = sourcecode.swift; path = PhotoViewController.swift; sourceTree = "<group>"; };
		37945C7C2199217E007AA16F /* PhotoViewModel.swift */ = {isa = PBXFileReference; lastKnownFileType = sourcecode.swift; path = PhotoViewModel.swift; sourceTree = "<group>"; };
		379862872186ABEB00DF55E8 /* UIStoryboard.swift */ = {isa = PBXFileReference; fileEncoding = 4; lastKnownFileType = sourcecode.swift; path = UIStoryboard.swift; sourceTree = "<group>"; };
		379862882186ABEB00DF55E8 /* NSObject.swift */ = {isa = PBXFileReference; fileEncoding = 4; lastKnownFileType = sourcecode.swift; path = NSObject.swift; sourceTree = "<group>"; };
		379862892186ABEC00DF55E8 /* UINavigationController.swift */ = {isa = PBXFileReference; fileEncoding = 4; lastKnownFileType = sourcecode.swift; path = UINavigationController.swift; sourceTree = "<group>"; };
		3798628A2186ABEC00DF55E8 /* BaseNavigator.swift */ = {isa = PBXFileReference; fileEncoding = 4; lastKnownFileType = sourcecode.swift; path = BaseNavigator.swift; sourceTree = "<group>"; };
		3798628B2186ABEC00DF55E8 /* UIViewController.swift */ = {isa = PBXFileReference; fileEncoding = 4; lastKnownFileType = sourcecode.swift; path = UIViewController.swift; sourceTree = "<group>"; };
		37E97ECF21942D6800797580 /* BlackCoverView.swift */ = {isa = PBXFileReference; fileEncoding = 4; lastKnownFileType = sourcecode.swift; path = BlackCoverView.swift; sourceTree = "<group>"; };
		37E97ED021942D6800797580 /* GameCoverView.swift */ = {isa = PBXFileReference; fileEncoding = 4; lastKnownFileType = sourcecode.swift; path = GameCoverView.swift; sourceTree = "<group>"; };
		37E97ED121942D6800797580 /* WebCoverView.swift */ = {isa = PBXFileReference; fileEncoding = 4; lastKnownFileType = sourcecode.swift; path = WebCoverView.swift; sourceTree = "<group>"; };
		B2021AF31F4F16AD00A0EDC0 /* Cover.swift */ = {isa = PBXFileReference; fileEncoding = 4; lastKnownFileType = sourcecode.swift; path = Cover.swift; sourceTree = "<group>"; };
		B2021AF71F4F21C700A0EDC0 /* Utils.swift */ = {isa = PBXFileReference; fileEncoding = 4; lastKnownFileType = sourcecode.swift; path = Utils.swift; sourceTree = "<group>"; };
		B2027D7F1F5316B700B4A541 /* UIView.swift */ = {isa = PBXFileReference; fileEncoding = 4; lastKnownFileType = sourcecode.swift; path = UIView.swift; sourceTree = "<group>"; };
		B207F3FF1F4B1D15003815C4 /* ViewRouter.swift */ = {isa = PBXFileReference; fileEncoding = 4; lastKnownFileType = sourcecode.swift; path = ViewRouter.swift; sourceTree = "<group>"; };
		B207F4011F4B269E003815C4 /* VideoSetting.swift */ = {isa = PBXFileReference; fileEncoding = 4; lastKnownFileType = sourcecode.swift; path = VideoSetting.swift; sourceTree = "<group>"; };
		B207F4031F4B2BED003815C4 /* PhotoSetting.swift */ = {isa = PBXFileReference; fileEncoding = 4; lastKnownFileType = sourcecode.swift; path = PhotoSetting.swift; sourceTree = "<group>"; };
		B21CD1421F569549003CA788 /* PreviewView.swift */ = {isa = PBXFileReference; fileEncoding = 4; lastKnownFileType = sourcecode.swift; path = PreviewView.swift; sourceTree = "<group>"; };
		B23BB0201F5FB870007D3AF5 /* UITableView.swift */ = {isa = PBXFileReference; fileEncoding = 4; lastKnownFileType = sourcecode.swift; path = UITableView.swift; sourceTree = "<group>"; };
		B23BB0221F5FB8BA007D3AF5 /* String.swift */ = {isa = PBXFileReference; fileEncoding = 4; lastKnownFileType = sourcecode.swift; path = String.swift; sourceTree = "<group>"; };
		B23DF7721F629B660007BDEA /* CoversCarouselControl.swift */ = {isa = PBXFileReference; fileEncoding = 4; lastKnownFileType = sourcecode.swift; path = CoversCarouselControl.swift; sourceTree = "<group>"; };
		B23DF7741F629E410007BDEA /* JButton.swift */ = {isa = PBXFileReference; fileEncoding = 4; lastKnownFileType = sourcecode.swift; path = JButton.swift; sourceTree = "<group>"; };
		B23DF7761F62A0920007BDEA /* UIColor.swift */ = {isa = PBXFileReference; fileEncoding = 4; lastKnownFileType = sourcecode.swift; path = UIColor.swift; sourceTree = "<group>"; };
		B24DB03B1F4D2DB70044D53D /* QuartzCore.framework */ = {isa = PBXFileReference; lastKnownFileType = wrapper.framework; name = QuartzCore.framework; path = System/Library/Frameworks/QuartzCore.framework; sourceTree = SDKROOT; };
		B24DB03F1F4D2E440044D53D /* iCarousel.m */ = {isa = PBXFileReference; fileEncoding = 4; lastKnownFileType = sourcecode.c.objc; path = iCarousel.m; sourceTree = "<group>"; };
		B24DB0411F4D2E710044D53D /* iCarousel.h */ = {isa = PBXFileReference; fileEncoding = 4; lastKnownFileType = sourcecode.c.h; path = iCarousel.h; sourceTree = "<group>"; };
		B24DB0481F4D34300044D53D /* SecretCamera-Bridging-Header.h */ = {isa = PBXFileReference; fileEncoding = 4; lastKnownFileType = sourcecode.c.h; path = "SecretCamera-Bridging-Header.h"; sourceTree = "<group>"; };
		B24E6C651F6B94FE00100FD0 /* Enum.swift */ = {isa = PBXFileReference; fileEncoding = 4; lastKnownFileType = sourcecode.swift; path = Enum.swift; sourceTree = "<group>"; };
		B277C0BE1F6FC13900F2F60D /* UIInterfaceOrientation.swift */ = {isa = PBXFileReference; fileEncoding = 4; lastKnownFileType = sourcecode.swift; path = UIInterfaceOrientation.swift; sourceTree = "<group>"; };
		B2882BC21F41638D00BC5385 /* SecretCamera.app */ = {isa = PBXFileReference; explicitFileType = wrapper.application; includeInIndex = 0; path = SecretCamera.app; sourceTree = BUILT_PRODUCTS_DIR; };
		B2882BC51F41638D00BC5385 /* AppDelegate.swift */ = {isa = PBXFileReference; lastKnownFileType = sourcecode.swift; path = AppDelegate.swift; sourceTree = "<group>"; };
		B2882BCA1F41638D00BC5385 /* Base */ = {isa = PBXFileReference; lastKnownFileType = file.storyboard; name = Base; path = Base.lproj/Main.storyboard; sourceTree = "<group>"; };
		B2882BCC1F41638D00BC5385 /* Assets.xcassets */ = {isa = PBXFileReference; lastKnownFileType = folder.assetcatalog; path = Assets.xcassets; sourceTree = "<group>"; };
		B2882BCF1F41638D00BC5385 /* Base */ = {isa = PBXFileReference; lastKnownFileType = file.storyboard; name = Base; path = Base.lproj/LaunchScreen.storyboard; sourceTree = "<group>"; };
		B2882BD11F41638D00BC5385 /* Info.plist */ = {isa = PBXFileReference; lastKnownFileType = text.plist.xml; path = Info.plist; sourceTree = "<group>"; };
		B2882BE11F419B2D00BC5385 /* BaseTableViewCell.swift */ = {isa = PBXFileReference; fileEncoding = 4; lastKnownFileType = sourcecode.swift; path = BaseTableViewCell.swift; sourceTree = "<group>"; };
		B2882BE41F419C4100BC5385 /* UILabel.swift */ = {isa = PBXFileReference; fileEncoding = 4; lastKnownFileType = sourcecode.swift; path = UILabel.swift; sourceTree = "<group>"; };
		B2882BE71F419C9900BC5385 /* Constants.swift */ = {isa = PBXFileReference; fileEncoding = 4; lastKnownFileType = sourcecode.swift; path = Constants.swift; sourceTree = "<group>"; };
		B2882BE91F419DB300BC5385 /* CameraSetting.swift */ = {isa = PBXFileReference; fileEncoding = 4; lastKnownFileType = sourcecode.swift; path = CameraSetting.swift; sourceTree = "<group>"; };
		B2BA6C731F74D2A8003FAEFA /* Action.swift */ = {isa = PBXFileReference; lastKnownFileType = sourcecode.swift; path = Action.swift; sourceTree = "<group>"; };
		B2CD908E219DC6F200A8662F /* RepeatingTimer.swift */ = {isa = PBXFileReference; lastKnownFileType = sourcecode.swift; path = RepeatingTimer.swift; sourceTree = "<group>"; };
		B2E307911F5E956600790309 /* Setting.swift */ = {isa = PBXFileReference; fileEncoding = 4; lastKnownFileType = sourcecode.swift; path = Setting.swift; sourceTree = "<group>"; };
		B2FE8AFA1F45E5B0001BB1C4 /* BaseCollectionViewCell.swift */ = {isa = PBXFileReference; fileEncoding = 4; lastKnownFileType = sourcecode.swift; path = BaseCollectionViewCell.swift; sourceTree = "<group>"; };
		B2FEC4CB1F4FBE03008166F5 /* Reachability.swift */ = {isa = PBXFileReference; fileEncoding = 4; lastKnownFileType = sourcecode.swift; path = Reachability.swift; sourceTree = "<group>"; };
		B2FEC4CD1F4FC882008166F5 /* KeychainItemWrapper.swift */ = {isa = PBXFileReference; fileEncoding = 4; lastKnownFileType = sourcecode.swift; path = KeychainItemWrapper.swift; sourceTree = "<group>"; };
/* End PBXFileReference section */

/* Begin PBXFrameworksBuildPhase section */
		B2882BBF1F41638D00BC5385 /* Frameworks */ = {
			isa = PBXFrameworksBuildPhase;
			buildActionMask = 2147483647;
			files = (
				B24DB03C1F4D2DB70044D53D /* QuartzCore.framework in Frameworks */,
			);
			runOnlyForDeploymentPostprocessing = 0;
		};
/* End PBXFrameworksBuildPhase section */

/* Begin PBXGroup section */
		3716643F21919CDC004E59D4 /* SubSettings */ = {
			isa = PBXGroup;
			children = (
				3716644021919DA5004E59D4 /* SubSettingsNavigator.swift */,
				3716644121919DA5004E59D4 /* SubSettingsViewController.swift */,
				3716644221919DA5004E59D4 /* SubSettingsViewModel.swift */,
			);
			path = SubSettings;
			sourceTree = "<group>";
		};
		3718F4C52192F00F0012A643 /* Video */ = {
			isa = PBXGroup;
			children = (
				3718F4C62192F3740012A643 /* VideoNavigator.swift */,
				3718F4C72192F3740012A643 /* VideoViewController.swift */,
				3718F4C82192F3740012A643 /* VideoViewModel.swift */,
			);
			path = Video;
			sourceTree = "<group>";
		};
		3730D19A21885E2F00C854A2 /* Application */ = {
			isa = PBXGroup;
			children = (
				B2882BC51F41638D00BC5385 /* AppDelegate.swift */,
				B2882BC91F41638D00BC5385 /* Main.storyboard */,
				B2882BCC1F41638D00BC5385 /* Assets.xcassets */,
				B2882BCE1F41638D00BC5385 /* LaunchScreen.storyboard */,
				B2882BD11F41638D00BC5385 /* Info.plist */,
			);
			path = Application;
			sourceTree = "<group>";
		};
		3730D1A52188637D00C854A2 /* Covers */ = {
			isa = PBXGroup;
			children = (
				B23DF7721F629B660007BDEA /* CoversCarouselControl.swift */,
				3730D1A62188639A00C854A2 /* CoversNavigator.swift */,
				3730D1A72188639A00C854A2 /* CoversViewController.swift */,
				3730D1A82188639A00C854A2 /* CoversViewModel.swift */,
			);
			path = Covers;
			sourceTree = "<group>";
		};
		373F88A52189634700919E65 /* Actions */ = {
			isa = PBXGroup;
			children = (
				373F88A62189648F00919E65 /* ActionsNavigator.swift */,
				373F88A72189648F00919E65 /* ActionsViewController.swift */,
				373F88A82189648F00919E65 /* ActionsViewModel.swift */,
			);
			path = Actions;
			sourceTree = "<group>";
		};
		3744BF8E21880DC200174040 /* Tutorial */ = {
			isa = PBXGroup;
			children = (
				3744BF9521880FFF00174040 /* Subviews */,
				3744BF8F21880DDC00174040 /* TutorialNavigator.swift */,
				3744BF9021880DDC00174040 /* TutorialViewController.swift */,
				3744BF9121880DDC00174040 /* TutorialViewModel.swift */,
			);
			path = Tutorial;
			sourceTree = "<group>";
		};
		3744BF9521880FFF00174040 /* Subviews */ = {
			isa = PBXGroup;
			children = (
				3744BF96218811AB00174040 /* TutorialContainerView.xib */,
				3744BF98218811BF00174040 /* TutorialContainerView.swift */,
			);
			path = Subviews;
			sourceTree = "<group>";
		};
		375807DB218AFF5000BF4888 /* Helpers */ = {
			isa = PBXGroup;
			children = (
				375807DC218AFF6500BF4888 /* Database.swift */,
			);
			path = Helpers;
			sourceTree = "<group>";
		};
		375807DE218B08C400BF4888 /* Subviews */ = {
			isa = PBXGroup;
			children = (
				375807E3218B091700BF4888 /* SettingCheckMarkCell.swift */,
				375807E0218B091700BF4888 /* SettingCheckMarkCell.xib */,
				375807E5218B091800BF4888 /* SettingLogoWithSwitchCell.swift */,
				375807DF218B091700BF4888 /* SettingLogoWithSwitchCell.xib */,
				375807E2218B091700BF4888 /* SettingLogoWithValueDisclosureCell.swift */,
				375807E1218B091700BF4888 /* SettingLogoWithValueDisclosureCell.xib */,
				375807E4218B091700BF4888 /* SettingSwitchCell.swift */,
				375807E6218B091800BF4888 /* SettingSwitchCell.xib */,
			);
			path = Subviews;
			sourceTree = "<group>";
		};
		37945C792199216E007AA16F /* Photo */ = {
			isa = PBXGroup;
			children = (
				372D52AC219A6E57000280FC /* PhotoCaptureDelegate.swift */,
				37945C7A2199217E007AA16F /* PhotoNavigator.swift */,
				37945C7B2199217E007AA16F /* PhotoViewController.swift */,
				37945C7C2199217E007AA16F /* PhotoViewModel.swift */,
			);
			path = Photo;
			sourceTree = "<group>";
		};
		B20405BC1F78AA6F008B5D8E /* CoverViews */ = {
			isa = PBXGroup;
			children = (
				37E97ECF21942D6800797580 /* BlackCoverView.swift */,
				37E97ED021942D6800797580 /* GameCoverView.swift */,
				37E97ED121942D6800797580 /* WebCoverView.swift */,
			);
			path = CoverViews;
			sourceTree = "<group>";
		};
		B207F3FE1F4B1CFD003815C4 /* Libraries */ = {
			isa = PBXGroup;
			children = (
				B23DF7741F629E410007BDEA /* JButton.swift */,
				B2FEC4CD1F4FC882008166F5 /* KeychainItemWrapper.swift */,
				B24DB03D1F4D2E090044D53D /* iCarousel */,
				B207F3FF1F4B1D15003815C4 /* ViewRouter.swift */,
				B21CD1421F569549003CA788 /* PreviewView.swift */,
				B2CD908E219DC6F200A8662F /* RepeatingTimer.swift */,
			);
			path = Libraries;
			sourceTree = "<group>";
		};
		B24DB03A1F4D2DB70044D53D /* Frameworks */ = {
			isa = PBXGroup;
			children = (
				B24DB03B1F4D2DB70044D53D /* QuartzCore.framework */,
			);
			name = Frameworks;
			sourceTree = "<group>";
		};
		B24DB03D1F4D2E090044D53D /* iCarousel */ = {
			isa = PBXGroup;
			children = (
				B24DB0411F4D2E710044D53D /* iCarousel.h */,
				B24DB03F1F4D2E440044D53D /* iCarousel.m */,
			);
			path = iCarousel;
			sourceTree = "<group>";
		};
		B2882BB91F41638D00BC5385 = {
			isa = PBXGroup;
			children = (
				B2882BC41F41638D00BC5385 /* SecretCamera */,
				B2882BC31F41638D00BC5385 /* Products */,
				B24DB03A1F4D2DB70044D53D /* Frameworks */,
			);
			sourceTree = "<group>";
		};
		B2882BC31F41638D00BC5385 /* Products */ = {
			isa = PBXGroup;
			children = (
				B2882BC21F41638D00BC5385 /* SecretCamera.app */,
			);
			name = Products;
			sourceTree = "<group>";
		};
		B2882BC41F41638D00BC5385 /* SecretCamera */ = {
			isa = PBXGroup;
			children = (
				B2882BE01F419B0F00BC5385 /* Base */,
				B2882BDB1F4197DC00BC5385 /* Models */,
				B2882BDA1F4197D200BC5385 /* Shared */,
				B2882BD71F41687400BC5385 /* Scenes */,
				3730D19A21885E2F00C854A2 /* Application */,
			);
			path = SecretCamera;
			sourceTree = "<group>";
		};
		B2882BD71F41687400BC5385 /* Scenes */ = {
			isa = PBXGroup;
			children = (
				3744BF8E21880DC200174040 /* Tutorial */,
				3730D1A52188637D00C854A2 /* Covers */,
				373F88A52189634700919E65 /* Actions */,
				B2882BDD1F4198BC00BC5385 /* Settings */,
				3716643F21919CDC004E59D4 /* SubSettings */,
				3718F4C52192F00F0012A643 /* Video */,
				37945C792199216E007AA16F /* Photo */,
				B20405BC1F78AA6F008B5D8E /* CoverViews */,
			);
			path = Scenes;
			sourceTree = "<group>";
		};
		B2882BDA1F4197D200BC5385 /* Shared */ = {
			isa = PBXGroup;
			children = (
				375807DB218AFF5000BF4888 /* Helpers */,
				B207F3FE1F4B1CFD003815C4 /* Libraries */,
				B2882BE61F419C8900BC5385 /* Utils */,
				B2882BE31F419C1700BC5385 /* Extensions */,
			);
			path = Shared;
			sourceTree = "<group>";
		};
		B2882BDB1F4197DC00BC5385 /* Models */ = {
			isa = PBXGroup;
			children = (
				B2882BE91F419DB300BC5385 /* CameraSetting.swift */,
				B207F4011F4B269E003815C4 /* VideoSetting.swift */,
				B207F4031F4B2BED003815C4 /* PhotoSetting.swift */,
				B2021AF31F4F16AD00A0EDC0 /* Cover.swift */,
				B2E307951F5E9DC600790309 /* Basic */,
			);
			path = Models;
			sourceTree = "<group>";
		};
		B2882BDD1F4198BC00BC5385 /* Settings */ = {
			isa = PBXGroup;
			children = (
				375807DE218B08C400BF4888 /* Subviews */,
				375807EF218B092100BF4888 /* SettingsTableViewControl.swift */,
				375807F1218B09BB00BF4888 /* SettingsNavigator.swift */,
				375807F2218B09BB00BF4888 /* SettingsViewController.swift */,
				375807F3218B09BB00BF4888 /* SettingsViewModel.swift */,
			);
			path = Settings;
			sourceTree = "<group>";
		};
		B2882BE01F419B0F00BC5385 /* Base */ = {
			isa = PBXGroup;
			children = (
				3798628A2186ABEC00DF55E8 /* BaseNavigator.swift */,
				379862882186ABEB00DF55E8 /* NSObject.swift */,
				379862892186ABEC00DF55E8 /* UINavigationController.swift */,
				379862872186ABEB00DF55E8 /* UIStoryboard.swift */,
				3798628B2186ABEC00DF55E8 /* UIViewController.swift */,
				B2882BE11F419B2D00BC5385 /* BaseTableViewCell.swift */,
				B2FE8AFA1F45E5B0001BB1C4 /* BaseCollectionViewCell.swift */,
			);
			path = Base;
			sourceTree = "<group>";
		};
		B2882BE31F419C1700BC5385 /* Extensions */ = {
			isa = PBXGroup;
			children = (
				B2027D7F1F5316B700B4A541 /* UIView.swift */,
				B2882BE41F419C4100BC5385 /* UILabel.swift */,
				B23BB0201F5FB870007D3AF5 /* UITableView.swift */,
				B23BB0221F5FB8BA007D3AF5 /* String.swift */,
				B23DF7761F62A0920007BDEA /* UIColor.swift */,
				B24E6C651F6B94FE00100FD0 /* Enum.swift */,
				B277C0BE1F6FC13900F2F60D /* UIInterfaceOrientation.swift */,
			);
			path = Extensions;
			sourceTree = "<group>";
		};
		B2882BE61F419C8900BC5385 /* Utils */ = {
			isa = PBXGroup;
			children = (
				B2FEC4CB1F4FBE03008166F5 /* Reachability.swift */,
				B2021AF71F4F21C700A0EDC0 /* Utils.swift */,
				B24DB0481F4D34300044D53D /* SecretCamera-Bridging-Header.h */,
				B2882BE71F419C9900BC5385 /* Constants.swift */,
			);
			path = Utils;
			sourceTree = "<group>";
		};
		B2E307951F5E9DC600790309 /* Basic */ = {
			isa = PBXGroup;
			children = (
				B2E307911F5E956600790309 /* Setting.swift */,
				B2BA6C731F74D2A8003FAEFA /* Action.swift */,
			);
			name = Basic;
			sourceTree = "<group>";
		};
/* End PBXGroup section */

/* Begin PBXNativeTarget section */
		B2882BC11F41638D00BC5385 /* SecretCamera */ = {
			isa = PBXNativeTarget;
			buildConfigurationList = B2882BD41F41638D00BC5385 /* Build configuration list for PBXNativeTarget "SecretCamera" */;
			buildPhases = (
				B2882BBE1F41638D00BC5385 /* Sources */,
				B2882BBF1F41638D00BC5385 /* Frameworks */,
				B2882BC01F41638D00BC5385 /* Resources */,
			);
			buildRules = (
			);
			dependencies = (
			);
			name = SecretCamera;
			productName = SecretCamera;
			productReference = B2882BC21F41638D00BC5385 /* SecretCamera.app */;
			productType = "com.apple.product-type.application";
		};
/* End PBXNativeTarget section */

/* Begin PBXProject section */
		B2882BBA1F41638D00BC5385 /* Project object */ = {
			isa = PBXProject;
			attributes = {
				LastSwiftUpdateCheck = 0830;
				LastUpgradeCheck = 0930;
				ORGANIZATIONNAME = Hung;
				TargetAttributes = {
					B2882BC11F41638D00BC5385 = {
						CreatedOnToolsVersion = 8.3.3;
						DevelopmentTeam = K4L43PV7CC;
						LastSwiftMigration = 0930;
						ProvisioningStyle = Automatic;
					};
				};
			};
			buildConfigurationList = B2882BBD1F41638D00BC5385 /* Build configuration list for PBXProject "SecretCamera" */;
			compatibilityVersion = "Xcode 3.2";
			developmentRegion = English;
			hasScannedForEncodings = 0;
			knownRegions = (
				en,
				Base,
			);
			mainGroup = B2882BB91F41638D00BC5385;
			productRefGroup = B2882BC31F41638D00BC5385 /* Products */;
			projectDirPath = "";
			projectRoot = "";
			targets = (
				B2882BC11F41638D00BC5385 /* SecretCamera */,
			);
		};
/* End PBXProject section */

/* Begin PBXResourcesBuildPhase section */
		B2882BC01F41638D00BC5385 /* Resources */ = {
			isa = PBXResourcesBuildPhase;
			buildActionMask = 2147483647;
			files = (
				375807E7218B091800BF4888 /* SettingLogoWithSwitchCell.xib in Resources */,
				B2882BD01F41638D00BC5385 /* LaunchScreen.storyboard in Resources */,
				375807E8218B091800BF4888 /* SettingCheckMarkCell.xib in Resources */,
				3744BF97218811AB00174040 /* TutorialContainerView.xib in Resources */,
				375807E9218B091800BF4888 /* SettingLogoWithValueDisclosureCell.xib in Resources */,
				B2882BCD1F41638D00BC5385 /* Assets.xcassets in Resources */,
				375807EE218B091800BF4888 /* SettingSwitchCell.xib in Resources */,
				B2882BCB1F41638D00BC5385 /* Main.storyboard in Resources */,
			);
			runOnlyForDeploymentPostprocessing = 0;
		};
/* End PBXResourcesBuildPhase section */

/* Begin PBXSourcesBuildPhase section */
		B2882BBE1F41638D00BC5385 /* Sources */ = {
			isa = PBXSourcesBuildPhase;
			buildActionMask = 2147483647;
			files = (
				B2FE8AFB1F45E5B0001BB1C4 /* BaseCollectionViewCell.swift in Sources */,
				375807EA218B091800BF4888 /* SettingLogoWithValueDisclosureCell.swift in Sources */,
				37945C7F2199217E007AA16F /* PhotoViewModel.swift in Sources */,
				B2882BC61F41638D00BC5385 /* AppDelegate.swift in Sources */,
				B2882BEA1F419DB300BC5385 /* CameraSetting.swift in Sources */,
				3730D1AB2188639A00C854A2 /* CoversViewModel.swift in Sources */,
				375807EB218B091800BF4888 /* SettingCheckMarkCell.swift in Sources */,
				B23BB0211F5FB870007D3AF5 /* UITableView.swift in Sources */,
				B2FEC4CE1F4FC882008166F5 /* KeychainItemWrapper.swift in Sources */,
				B2027D801F5316B700B4A541 /* UIView.swift in Sources */,
				B2882BE21F419B2D00BC5385 /* BaseTableViewCell.swift in Sources */,
				375807EC218B091800BF4888 /* SettingSwitchCell.swift in Sources */,
				373F88AA2189648F00919E65 /* ActionsViewController.swift in Sources */,
				375807F6218B09BB00BF4888 /* SettingsViewModel.swift in Sources */,
				B21CD1431F569549003CA788 /* PreviewView.swift in Sources */,
				B2021AF41F4F16AD00A0EDC0 /* Cover.swift in Sources */,
				B2882BE81F419C9900BC5385 /* Constants.swift in Sources */,
				375807F0218B092100BF4888 /* SettingsTableViewControl.swift in Sources */,
				3716644521919DA5004E59D4 /* SubSettingsViewModel.swift in Sources */,
				B2BA6C741F74D2A8003FAEFA /* Action.swift in Sources */,
				B23DF7751F629E410007BDEA /* JButton.swift in Sources */,
				B277C0BF1F6FC13900F2F60D /* UIInterfaceOrientation.swift in Sources */,
				B23DF7771F62A0920007BDEA /* UIColor.swift in Sources */,
				37945C7D2199217E007AA16F /* PhotoNavigator.swift in Sources */,
				3744BF9221880DDC00174040 /* TutorialNavigator.swift in Sources */,
				3744BF9321880DDC00174040 /* TutorialViewController.swift in Sources */,
				B2882BE51F419C4100BC5385 /* UILabel.swift in Sources */,
				3798628F2186ABEC00DF55E8 /* BaseNavigator.swift in Sources */,
				B24DB0401F4D2E440044D53D /* iCarousel.m in Sources */,
				B24E6C661F6B94FE00100FD0 /* Enum.swift in Sources */,
				37945C7E2199217E007AA16F /* PhotoViewController.swift in Sources */,
				3716644421919DA5004E59D4 /* SubSettingsViewController.swift in Sources */,
				37E97ED221942D6800797580 /* BlackCoverView.swift in Sources */,
				373F88A92189648F00919E65 /* ActionsNavigator.swift in Sources */,
				37E97ED421942D6800797580 /* WebCoverView.swift in Sources */,
				B2E307921F5E956600790309 /* Setting.swift in Sources */,
				375807ED218B091800BF4888 /* SettingLogoWithSwitchCell.swift in Sources */,
				B23DF7731F629B660007BDEA /* CoversCarouselControl.swift in Sources */,
				379862902186ABEC00DF55E8 /* UIViewController.swift in Sources */,
				3718F4CA2192F3740012A643 /* VideoViewController.swift in Sources */,
				B2CD908F219DC6F200A8662F /* RepeatingTimer.swift in Sources */,
				372D52AD219A6E57000280FC /* PhotoCaptureDelegate.swift in Sources */,
				3730D1AA2188639A00C854A2 /* CoversViewController.swift in Sources */,
				3744BF99218811BF00174040 /* TutorialContainerView.swift in Sources */,
				B207F4041F4B2BED003815C4 /* PhotoSetting.swift in Sources */,
				375807F5218B09BB00BF4888 /* SettingsViewController.swift in Sources */,
				B207F4021F4B269E003815C4 /* VideoSetting.swift in Sources */,
				3730D1A92188639A00C854A2 /* CoversNavigator.swift in Sources */,
				3718F4CB2192F3740012A643 /* VideoViewModel.swift in Sources */,
				37E97ED321942D6800797580 /* GameCoverView.swift in Sources */,
				3798628D2186ABEC00DF55E8 /* NSObject.swift in Sources */,
				373F88AB2189648F00919E65 /* ActionsViewModel.swift in Sources */,
				B207F4001F4B1D15003815C4 /* ViewRouter.swift in Sources */,
				3744BF9421880DDC00174040 /* TutorialViewModel.swift in Sources */,
				3798628C2186ABEC00DF55E8 /* UIStoryboard.swift in Sources */,
				3716644321919DA5004E59D4 /* SubSettingsNavigator.swift in Sources */,
				3718F4C92192F3740012A643 /* VideoNavigator.swift in Sources */,
				B2FEC4CC1F4FBE03008166F5 /* Reachability.swift in Sources */,
				3798628E2186ABEC00DF55E8 /* UINavigationController.swift in Sources */,
				B23BB0231F5FB8BA007D3AF5 /* String.swift in Sources */,
				B2021AF81F4F21C700A0EDC0 /* Utils.swift in Sources */,
				375807DD218AFF6500BF4888 /* Database.swift in Sources */,
				375807F4218B09BB00BF4888 /* SettingsNavigator.swift in Sources */,
			);
			runOnlyForDeploymentPostprocessing = 0;
		};
/* End PBXSourcesBuildPhase section */

/* Begin PBXVariantGroup section */
		B2882BC91F41638D00BC5385 /* Main.storyboard */ = {
			isa = PBXVariantGroup;
			children = (
				B2882BCA1F41638D00BC5385 /* Base */,
			);
			name = Main.storyboard;
			sourceTree = "<group>";
		};
		B2882BCE1F41638D00BC5385 /* LaunchScreen.storyboard */ = {
			isa = PBXVariantGroup;
			children = (
				B2882BCF1F41638D00BC5385 /* Base */,
			);
			name = LaunchScreen.storyboard;
			sourceTree = "<group>";
		};
/* End PBXVariantGroup section */

/* Begin XCBuildConfiguration section */
		B2882BD21F41638D00BC5385 /* Debug */ = {
			isa = XCBuildConfiguration;
			buildSettings = {
				ALWAYS_SEARCH_USER_PATHS = NO;
				CLANG_ANALYZER_NONNULL = YES;
				CLANG_ANALYZER_NUMBER_OBJECT_CONVERSION = YES_AGGRESSIVE;
				CLANG_CXX_LANGUAGE_STANDARD = "gnu++0x";
				CLANG_CXX_LIBRARY = "libc++";
				CLANG_ENABLE_MODULES = YES;
				CLANG_ENABLE_OBJC_ARC = YES;
				CLANG_WARN_BLOCK_CAPTURE_AUTORELEASING = YES;
				CLANG_WARN_BOOL_CONVERSION = YES;
				CLANG_WARN_COMMA = YES;
				CLANG_WARN_CONSTANT_CONVERSION = YES;
				CLANG_WARN_DEPRECATED_OBJC_IMPLEMENTATIONS = YES;
				CLANG_WARN_DIRECT_OBJC_ISA_USAGE = YES_ERROR;
				CLANG_WARN_DOCUMENTATION_COMMENTS = YES;
				CLANG_WARN_EMPTY_BODY = YES;
				CLANG_WARN_ENUM_CONVERSION = YES;
				CLANG_WARN_INFINITE_RECURSION = YES;
				CLANG_WARN_INT_CONVERSION = YES;
				CLANG_WARN_NON_LITERAL_NULL_CONVERSION = YES;
				CLANG_WARN_OBJC_IMPLICIT_RETAIN_SELF = YES;
				CLANG_WARN_OBJC_LITERAL_CONVERSION = YES;
				CLANG_WARN_OBJC_ROOT_CLASS = YES_ERROR;
				CLANG_WARN_RANGE_LOOP_ANALYSIS = YES;
				CLANG_WARN_STRICT_PROTOTYPES = YES;
				CLANG_WARN_SUSPICIOUS_MOVE = YES;
				CLANG_WARN_UNREACHABLE_CODE = YES;
				CLANG_WARN__DUPLICATE_METHOD_MATCH = YES;
				"CODE_SIGN_IDENTITY[sdk=iphoneos*]" = "iPhone Developer";
				COPY_PHASE_STRIP = NO;
				DEBUG_INFORMATION_FORMAT = dwarf;
				ENABLE_BITCODE = NO;
				ENABLE_STRICT_OBJC_MSGSEND = YES;
				ENABLE_TESTABILITY = YES;
				GCC_C_LANGUAGE_STANDARD = gnu99;
				GCC_DYNAMIC_NO_PIC = NO;
				GCC_NO_COMMON_BLOCKS = YES;
				GCC_OPTIMIZATION_LEVEL = 0;
				GCC_PREPROCESSOR_DEFINITIONS = (
					"DEBUG=1",
					"$(inherited)",
				);
				GCC_WARN_64_TO_32_BIT_CONVERSION = YES;
				GCC_WARN_ABOUT_RETURN_TYPE = YES_ERROR;
				GCC_WARN_UNDECLARED_SELECTOR = YES;
				GCC_WARN_UNINITIALIZED_AUTOS = YES_AGGRESSIVE;
				GCC_WARN_UNUSED_FUNCTION = YES;
				GCC_WARN_UNUSED_VARIABLE = YES;
				IPHONEOS_DEPLOYMENT_TARGET = 10.3;
				MTL_ENABLE_DEBUG_INFO = YES;
				ONLY_ACTIVE_ARCH = YES;
				SDKROOT = iphoneos;
				SWIFT_ACTIVE_COMPILATION_CONDITIONS = DEBUG;
				SWIFT_OPTIMIZATION_LEVEL = "-Onone";
			};
			name = Debug;
		};
		B2882BD31F41638D00BC5385 /* Release */ = {
			isa = XCBuildConfiguration;
			buildSettings = {
				ALWAYS_SEARCH_USER_PATHS = NO;
				CLANG_ANALYZER_NONNULL = YES;
				CLANG_ANALYZER_NUMBER_OBJECT_CONVERSION = YES_AGGRESSIVE;
				CLANG_CXX_LANGUAGE_STANDARD = "gnu++0x";
				CLANG_CXX_LIBRARY = "libc++";
				CLANG_ENABLE_MODULES = YES;
				CLANG_ENABLE_OBJC_ARC = YES;
				CLANG_WARN_BLOCK_CAPTURE_AUTORELEASING = YES;
				CLANG_WARN_BOOL_CONVERSION = YES;
				CLANG_WARN_COMMA = YES;
				CLANG_WARN_CONSTANT_CONVERSION = YES;
				CLANG_WARN_DEPRECATED_OBJC_IMPLEMENTATIONS = YES;
				CLANG_WARN_DIRECT_OBJC_ISA_USAGE = YES_ERROR;
				CLANG_WARN_DOCUMENTATION_COMMENTS = YES;
				CLANG_WARN_EMPTY_BODY = YES;
				CLANG_WARN_ENUM_CONVERSION = YES;
				CLANG_WARN_INFINITE_RECURSION = YES;
				CLANG_WARN_INT_CONVERSION = YES;
				CLANG_WARN_NON_LITERAL_NULL_CONVERSION = YES;
				CLANG_WARN_OBJC_IMPLICIT_RETAIN_SELF = YES;
				CLANG_WARN_OBJC_LITERAL_CONVERSION = YES;
				CLANG_WARN_OBJC_ROOT_CLASS = YES_ERROR;
				CLANG_WARN_RANGE_LOOP_ANALYSIS = YES;
				CLANG_WARN_STRICT_PROTOTYPES = YES;
				CLANG_WARN_SUSPICIOUS_MOVE = YES;
				CLANG_WARN_UNREACHABLE_CODE = YES;
				CLANG_WARN__DUPLICATE_METHOD_MATCH = YES;
				"CODE_SIGN_IDENTITY[sdk=iphoneos*]" = "iPhone Developer";
				COPY_PHASE_STRIP = NO;
				DEBUG_INFORMATION_FORMAT = "dwarf-with-dsym";
				ENABLE_BITCODE = NO;
				ENABLE_NS_ASSERTIONS = NO;
				ENABLE_STRICT_OBJC_MSGSEND = YES;
				GCC_C_LANGUAGE_STANDARD = gnu99;
				GCC_NO_COMMON_BLOCKS = YES;
				GCC_WARN_64_TO_32_BIT_CONVERSION = YES;
				GCC_WARN_ABOUT_RETURN_TYPE = YES_ERROR;
				GCC_WARN_UNDECLARED_SELECTOR = YES;
				GCC_WARN_UNINITIALIZED_AUTOS = YES_AGGRESSIVE;
				GCC_WARN_UNUSED_FUNCTION = YES;
				GCC_WARN_UNUSED_VARIABLE = YES;
				IPHONEOS_DEPLOYMENT_TARGET = 10.3;
				MTL_ENABLE_DEBUG_INFO = NO;
				SDKROOT = iphoneos;
				SWIFT_OPTIMIZATION_LEVEL = "-Owholemodule";
				VALIDATE_PRODUCT = YES;
			};
			name = Release;
		};
		B2882BD51F41638D00BC5385 /* Debug */ = {
			isa = XCBuildConfiguration;
			buildSettings = {
				ASSETCATALOG_COMPILER_APPICON_NAME = AppIcon;
				CLANG_ENABLE_MODULES = YES;
				"CODE_SIGN_IDENTITY[sdk=iphoneos*]" = "iPhone Developer";
				CODE_SIGN_STYLE = Automatic;
				DEVELOPMENT_TEAM = K4L43PV7CC;
				ENABLE_BITCODE = NO;
				INFOPLIST_FILE = "$(SRCROOT)/SecretCamera/Application/Info.plist";
				IPHONEOS_DEPLOYMENT_TARGET = 10.2;
				LD_RUNPATH_SEARCH_PATHS = "$(inherited) @executable_path/Frameworks";
				PRODUCT_BUNDLE_IDENTIFIER = hungthai.joker.SecretCamera;
				PRODUCT_NAME = "$(TARGET_NAME)";
				PROVISIONING_PROFILE_SPECIFIER = "";
				SDKROOT = iphoneos;
				SWIFT_OBJC_BRIDGING_HEADER = "SecretCamera/Shared/Utils/SecretCamera-Bridging-Header.h";
				SWIFT_OPTIMIZATION_LEVEL = "-Onone";
				SWIFT_SWIFT3_OBJC_INFERENCE = On;
				SWIFT_VERSION = 4.0;
			};
			name = Debug;
		};
		B2882BD61F41638D00BC5385 /* Release */ = {
			isa = XCBuildConfiguration;
			buildSettings = {
				ASSETCATALOG_COMPILER_APPICON_NAME = AppIcon;
				CLANG_ENABLE_MODULES = YES;
				"CODE_SIGN_IDENTITY[sdk=iphoneos*]" = "iPhone Developer";
				CODE_SIGN_STYLE = Automatic;
				DEVELOPMENT_TEAM = K4L43PV7CC;
				ENABLE_BITCODE = NO;
				INFOPLIST_FILE = "$(SRCROOT)/SecretCamera/Application/Info.plist";
				IPHONEOS_DEPLOYMENT_TARGET = 10.2;
				LD_RUNPATH_SEARCH_PATHS = "$(inherited) @executable_path/Frameworks";
				PRODUCT_BUNDLE_IDENTIFIER = hungthai.joker.SecretCamera;
				PRODUCT_NAME = "$(TARGET_NAME)";
				PROVISIONING_PROFILE_SPECIFIER = "";
				SDKROOT = iphoneos;
				SWIFT_OBJC_BRIDGING_HEADER = "SecretCamera/Shared/Utils/SecretCamera-Bridging-Header.h";
				SWIFT_SWIFT3_OBJC_INFERENCE = On;
				SWIFT_VERSION = 4.0;
			};
			name = Release;
		};
/* End XCBuildConfiguration section */

/* Begin XCConfigurationList section */
		B2882BBD1F41638D00BC5385 /* Build configuration list for PBXProject "SecretCamera" */ = {
			isa = XCConfigurationList;
			buildConfigurations = (
				B2882BD21F41638D00BC5385 /* Debug */,
				B2882BD31F41638D00BC5385 /* Release */,
			);
			defaultConfigurationIsVisible = 0;
			defaultConfigurationName = Release;
		};
		B2882BD41F41638D00BC5385 /* Build configuration list for PBXNativeTarget "SecretCamera" */ = {
			isa = XCConfigurationList;
			buildConfigurations = (
				B2882BD51F41638D00BC5385 /* Debug */,
				B2882BD61F41638D00BC5385 /* Release */,
			);
			defaultConfigurationIsVisible = 0;
			defaultConfigurationName = Release;
		};
/* End XCConfigurationList section */
	};
	rootObject = B2882BBA1F41638D00BC5385 /* Project object */;
}
